<Solution>
  <Folder Name="/src/">
    <Project Path="src/TruthLens.API/TruthLens.API.csproj" />
    <Project Path="src/TruthLens.Application/TruthLens.Application.csproj" />
    <Project Path="src/TruthLens.Domain/TruthLens.Domain.csproj" />
    <Project Path="src/TruthLens.Infrastructure/TruthLens.Infrastructure.csproj" />
  </Folder>
  <Folder Name="/tests/">
    <Project Path="tests/TruthLens.Domain.Tests/TruthLens.Domain.Tests.csproj" />
  </Folder>
</Solution>
